// !$*UTF8*$!
{
	archiveVersion = 1;
	classes = {
	};
	objectVersion = 48;
	objects = {

/* Begin PBXBuildFile section */
		FE24CD0E224E5EED0030C917 /* TweetTableViewCell.swift in Sources */ = {isa = PBXBuildFile; fileRef = FE24CD0D224E5EED0030C917 /* TweetTableViewCell.swift */; };
		FED9579F224D00D500C4C8AB /* AppDelegate.swift in Sources */ = {isa = PBXBuildFile; fileRef = FED9579E224D00D500C4C8AB /* AppDelegate.swift */; };
		FED957A1224D00D500C4C8AB /* ViewController.swift in Sources */ = {isa = PBXBuildFile; fileRef = FED957A0224D00D500C4C8AB /* ViewController.swift */; };
		FED957A4224D00D500C4C8AB /* Main.storyboard in Resources */ = {isa = PBXBuildFile; fileRef = FED957A2224D00D500C4C8AB /* Main.storyboard */; };
		FED957A6224D00D500C4C8AB /* Assets.xcassets in Resources */ = {isa = PBXBuildFile; fileRef = FED957A5224D00D500C4C8AB /* Assets.xcassets */; };
		FED957A9224D00D500C4C8AB /* LaunchScreen.storyboard in Resources */ = {isa = PBXBuildFile; fileRef = FED957A7224D00D500C4C8AB /* LaunchScreen.storyboard */; };
		FED957B3224D014F00C4C8AB /* TweetModel.swift in Sources */ = {isa = PBXBuildFile; fileRef = FED957B2224D014F00C4C8AB /* TweetModel.swift */; };
		FED957B5224D01DA00C4C8AB /* APITwitterDelegateProtocole.swift in Sources */ = {isa = PBXBuildFile; fileRef = FED957B4224D01DA00C4C8AB /* APITwitterDelegateProtocole.swift */; };
		FED957B7224D02D600C4C8AB /* APIController.swift in Sources */ = {isa = PBXBuildFile; fileRef = FED957B6224D02D600C4C8AB /* APIController.swift */; };
/* End PBXBuildFile section */

/* Begin PBXFileReference section */
		FE24CD0D224E5EED0030C917 /* TweetTableViewCell.swift */ = {isa = PBXFileReference; lastKnownFileType = sourcecode.swift; path = TweetTableViewCell.swift; sourceTree = "<group>"; };
		FED9579B224D00D500C4C8AB /* Tweets.app */ = {isa = PBXFileReference; explicitFileType = wrapper.application; includeInIndex = 0; path = Tweets.app; sourceTree = BUILT_PRODUCTS_DIR; };
		FED9579E224D00D500C4C8AB /* AppDelegate.swift */ = {isa = PBXFileReference; lastKnownFileType = sourcecode.swift; path = AppDelegate.swift; sourceTree = "<group>"; };
		FED957A0224D00D500C4C8AB /* ViewController.swift */ = {isa = PBXFileReference; lastKnownFileType = sourcecode.swift; path = ViewController.swift; sourceTree = "<group>"; };
		FED957A3224D00D500C4C8AB /* Base */ = {isa = PBXFileReference; lastKnownFileType = file.storyboard; name = Base; path = Base.lproj/Main.storyboard; sourceTree = "<group>"; };
		FED957A5224D00D500C4C8AB /* Assets.xcassets */ = {isa = PBXFileReference; lastKnownFileType = folder.assetcatalog; path = Assets.xcassets; sourceTree = "<group>"; };
		FED957A8224D00D500C4C8AB /* Base */ = {isa = PBXFileReference; lastKnownFileType = file.storyboard; name = Base; path = Base.lproj/LaunchScreen.storyboard; sourceTree = "<group>"; };
		FED957AA224D00D500C4C8AB /* Info.plist */ = {isa = PBXFileReference; lastKnownFileType = text.plist.xml; path = Info.plist; sourceTree = "<group>"; };
		FED957B2224D014F00C4C8AB /* TweetModel.swift */ = {isa = PBXFileReference; lastKnownFileType = sourcecode.swift; path = TweetModel.swift; sourceTree = "<group>"; };
		FED957B4224D01DA00C4C8AB /* APITwitterDelegateProtocole.swift */ = {isa = PBXFileReference; lastKnownFileType = sourcecode.swift; path = APITwitterDelegateProtocole.swift; sourceTree = "<group>"; };
		FED957B6224D02D600C4C8AB /* APIController.swift */ = {isa = PBXFileReference; lastKnownFileType = sourcecode.swift; path = APIController.swift; sourceTree = "<group>"; };
/* End PBXFileReference section */

/* Begin PBXFrameworksBuildPhase section */
		FED95798224D00D500C4C8AB /* Frameworks */ = {
			isa = PBXFrameworksBuildPhase;
			buildActionMask = 2147483647;
			files = (
			);
			runOnlyForDeploymentPostprocessing = 0;
		};
/* End PBXFrameworksBuildPhase section */

/* Begin PBXGroup section */
		FED95792224D00D500C4C8AB = {
			isa = PBXGroup;
			children = (
				FED9579D224D00D500C4C8AB /* Tweets */,
				FED9579C224D00D500C4C8AB /* Products */,
			);
			sourceTree = "<group>";
		};
		FED9579C224D00D500C4C8AB /* Products */ = {
			isa = PBXGroup;
			children = (
				FED9579B224D00D500C4C8AB /* Tweets.app */,
			);
			name = Products;
			sourceTree = "<group>";
		};
		FED9579D224D00D500C4C8AB /* Tweets */ = {
			isa = PBXGroup;
			children = (
				FED9579E224D00D500C4C8AB /* AppDelegate.swift */,
				FED957A0224D00D500C4C8AB /* ViewController.swift */,
				FED957A2224D00D500C4C8AB /* Main.storyboard */,
				FED957A5224D00D500C4C8AB /* Assets.xcassets */,
				FED957A7224D00D500C4C8AB /* LaunchScreen.storyboard */,
				FED957AA224D00D500C4C8AB /* Info.plist */,
				FED957B2224D014F00C4C8AB /* TweetModel.swift */,
				FED957B4224D01DA00C4C8AB /* APITwitterDelegateProtocole.swift */,
				FED957B6224D02D600C4C8AB /* APIController.swift */,
				FE24CD0D224E5EED0030C917 /* TweetTableViewCell.swift */,
			);
			path = Tweets;
			sourceTree = "<group>";
		};
/* End PBXGroup section */

/* Begin PBXNativeTarget section */
		FED9579A224D00D500C4C8AB /* Tweets */ = {
			isa = PBXNativeTarget;
			buildConfigurationList = FED957AD224D00D500C4C8AB /* Build configuration list for PBXNativeTarget "Tweets" */;
			buildPhases = (
				FED95797224D00D500C4C8AB /* Sources */,
				FED95798224D00D500C4C8AB /* Frameworks */,
				FED95799224D00D500C4C8AB /* Resources */,
			);
			buildRules = (
			);
			dependencies = (
			);
			name = Tweets;
			productName = Tweets;
			productReference = FED9579B224D00D500C4C8AB /* Tweets.app */;
			productType = "com.apple.product-type.application";
		};
/* End PBXNativeTarget section */

/* Begin PBXProject section */
		FED95793224D00D500C4C8AB /* Project object */ = {
			isa = PBXProject;
			attributes = {
				LastSwiftUpdateCheck = 0920;
				LastUpgradeCheck = 0920;
				ORGANIZATIONNAME = "Sebastien ALIBERT";
				TargetAttributes = {
					FED9579A224D00D500C4C8AB = {
						CreatedOnToolsVersion = 9.2;
						ProvisioningStyle = Automatic;
					};
				};
			};
			buildConfigurationList = FED95796224D00D500C4C8AB /* Build configuration list for PBXProject "Tweets" */;
			compatibilityVersion = "Xcode 8.0";
			developmentRegion = en;
			hasScannedForEncodings = 0;
			knownRegions = (
				en,
				Base,
			);
			mainGroup = FED95792224D00D500C4C8AB;
			productRefGroup = FED9579C224D00D500C4C8AB /* Products */;
			projectDirPath = "";
			projectRoot = "";
			targets = (
				FED9579A224D00D500C4C8AB /* Tweets */,
			);
		};
/* End PBXProject section */

/* Begin PBXResourcesBuildPhase section */
		FED95799224D00D500C4C8AB /* Resources */ = {
			isa = PBXResourcesBuildPhase;
			buildActionMask = 2147483647;
			files = (
				FED957A9224D00D500C4C8AB /* LaunchScreen.storyboard in Resources */,
				FED957A6224D00D500C4C8AB /* Assets.xcassets in Resources */,
				FED957A4224D00D500C4C8AB /* Main.storyboard in Resources */,
			);
			runOnlyForDeploymentPostprocessing = 0;
		};
/* End PBXResourcesBuildPhase section */

/* Begin PBXSourcesBuildPhase section */
		FED95797224D00D500C4C8AB /* Sources */ = {
			isa = PBXSourcesBuildPhase;
			buildActionMask = 2147483647;
			files = (
				FED957B3224D014F00C4C8AB /* TweetModel.swift in Sources */,
				FED957B5224D01DA00C4C8AB /* APITwitterDelegateProtocole.swift in Sources */,
				FED957A1224D00D500C4C8AB /* ViewController.swift in Sources */,
				FED9579F224D00D500C4C8AB /* AppDelegate.swift in Sources */,
				FED957B7224D02D600C4C8AB /* APIController.swift in Sources */,
				FE24CD0E224E5EED0030C917 /* TweetTableViewCell.swift in Sources */,
			);
			runOnlyForDeploymentPostprocessing = 0;
		};
/* End PBXSourcesBuildPhase section */

/* Begin PBXVariantGroup section */
		FED957A2224D00D500C4C8AB /* Main.storyboard */ = {
			isa = PBXVariantGroup;
			children = (
				FED957A3224D00D500C4C8AB /* Base */,
			);
			name = Main.storyboard;
			sourceTree = "<group>";
		};
		FED957A7224D00D500C4C8AB /* LaunchScreen.storyboard */ = {
			isa = PBXVariantGroup;
			children = (
				FED957A8224D00D500C4C8AB /* Base */,
			);
			name = LaunchScreen.storyboard;
			sourceTree = "<group>";
		};
/* End PBXVariantGroup section */

/* Begin XCBuildConfiguration section */
		FED957AB224D00D500C4C8AB /* Debug */ = {
			isa = XCBuildConfiguration;
			buildSettings = {
				ALWAYS_SEARCH_USER_PATHS = NO;
				CLANG_ANALYZER_NONNULL = YES;
				CLANG_ANALYZER_NUMBER_OBJECT_CONVERSION = YES_AGGRESSIVE;
				CLANG_CXX_LANGUAGE_STANDARD = "gnu++14";
				CLANG_CXX_LIBRARY = "libc++";
				CLANG_ENABLE_MODULES = YES;
				CLANG_ENABLE_OBJC_ARC = YES;
				CLANG_WARN_BLOCK_CAPTURE_AUTORELEASING = YES;
				CLANG_WARN_BOOL_CONVERSION = YES;
				CLANG_WARN_COMMA = YES;
				CLANG_WARN_CONSTANT_CONVERSION = YES;
				CLANG_WARN_DIRECT_OBJC_ISA_USAGE = YES_ERROR;
				CLANG_WARN_DOCUMENTATION_COMMENTS = YES;
				CLANG_WARN_EMPTY_BODY = YES;
				CLANG_WARN_ENUM_CONVERSION = YES;
				CLANG_WARN_INFINITE_RECURSION = YES;
				CLANG_WARN_INT_CONVERSION = YES;
				CLANG_WARN_NON_LITERAL_NULL_CONVERSION = YES;
				CLANG_WARN_OBJC_LITERAL_CONVERSION = YES;
				CLANG_WARN_OBJC_ROOT_CLASS = YES_ERROR;
				CLANG_WARN_RANGE_LOOP_ANALYSIS = YES;
				CLANG_WARN_STRICT_PROTOTYPES = YES;
				CLANG_WARN_SUSPICIOUS_MOVE = YES;
				CLANG_WARN_UNGUARDED_AVAILABILITY = YES_AGGRESSIVE;
				CLANG_WARN_UNREACHABLE_CODE = YES;
				CLANG_WARN__DUPLICATE_METHOD_MATCH = YES;
				CODE_SIGN_IDENTITY = "iPhone Developer";
				COPY_PHASE_STRIP = NO;
				DEBUG_INFORMATION_FORMAT = dwarf;
				ENABLE_STRICT_OBJC_MSGSEND = YES;
				ENABLE_TESTABILITY = YES;
				GCC_C_LANGUAGE_STANDARD = gnu11;
				GCC_DYNAMIC_NO_PIC = NO;
				GCC_NO_COMMON_BLOCKS = YES;
				GCC_OPTIMIZATION_LEVEL = 0;
				GCC_PREPROCESSOR_DEFINITIONS = (
					"DEBUG=1",
					"$(inherited)",
				);
				GCC_WARN_64_TO_32_BIT_CONVERSION = YES;
				GCC_WARN_ABOUT_RETURN_TYPE = YES_ERROR;
				GCC_WARN_UNDECLARED_SELECTOR = YES;
				GCC_WARN_UNINITIALIZED_AUTOS = YES_AGGRESSIVE;
				GCC_WARN_UNUSED_FUNCTION = YES;
				GCC_WARN_UNUSED_VARIABLE = YES;
				IPHONEOS_DEPLOYMENT_TARGET = 11.2;
				MTL_ENABLE_DEBUG_INFO = YES;
				ONLY_ACTIVE_ARCH = YES;
				SDKROOT = iphoneos;
				SWIFT_ACTIVE_COMPILATION_CONDITIONS = DEBUG;
				SWIFT_OPTIMIZATION_LEVEL = "-Onone";
			};
			name = Debug;
		};
		FED957AC224D00D500C4C8AB /* Release */ = {
			isa = XCBuildConfiguration;
			buildSettings = {
				ALWAYS_SEARCH_USER_PATHS = NO;
				CLANG_ANALYZER_NONNULL = YES;
				CLANG_ANALYZER_NUMBER_OBJECT_CONVERSION = YES_AGGRESSIVE;
				CLANG_CXX_LANGUAGE_STANDARD = "gnu++14";
				CLANG_CXX_LIBRARY = "libc++";
				CLANG_ENABLE_MODULES = YES;
				CLANG_ENABLE_OBJC_ARC = YES;
				CLANG_WARN_BLOCK_CAPTURE_AUTORELEASING = YES;
				CLANG_WARN_BOOL_CONVERSION = YES;
				CLANG_WARN_COMMA = YES;
				CLANG_WARN_CONSTANT_CONVERSION = YES;
				CLANG_WARN_DIRECT_OBJC_ISA_USAGE = YES_ERROR;
				CLANG_WARN_DOCUMENTATION_COMMENTS = YES;
				CLANG_WARN_EMPTY_BODY = YES;
				CLANG_WARN_ENUM_CONVERSION = YES;
				CLANG_WARN_INFINITE_RECURSION = YES;
				CLANG_WARN_INT_CONVERSION = YES;
				CLANG_WARN_NON_LITERAL_NULL_CONVERSION = YES;
				CLANG_WARN_OBJC_LITERAL_CONVERSION = YES;
				CLANG_WARN_OBJC_ROOT_CLASS = YES_ERROR;
				CLANG_WARN_RANGE_LOOP_ANALYSIS = YES;
				CLANG_WARN_STRICT_PROTOTYPES = YES;
				CLANG_WARN_SUSPICIOUS_MOVE = YES;
				CLANG_WARN_UNGUARDED_AVAILABILITY = YES_AGGRESSIVE;
				CLANG_WARN_UNREACHABLE_CODE = YES;
				CLANG_WARN__DUPLICATE_METHOD_MATCH = YES;
				CODE_SIGN_IDENTITY = "iPhone Developer";
				COPY_PHASE_STRIP = NO;
				DEBUG_INFORMATION_FORMAT = "dwarf-with-dsym";
				ENABLE_NS_ASSERTIONS = NO;
				ENABLE_STRICT_OBJC_MSGSEND = YES;
				GCC_C_LANGUAGE_STANDARD = gnu11;
				GCC_NO_COMMON_BLOCKS = YES;
				GCC_WARN_64_TO_32_BIT_CONVERSION = YES;
				GCC_WARN_ABOUT_RETURN_TYPE = YES_ERROR;
				GCC_WARN_UNDECLARED_SELECTOR = YES;
				GCC_WARN_UNINITIALIZED_AUTOS = YES_AGGRESSIVE;
				GCC_WARN_UNUSED_FUNCTION = YES;
				GCC_WARN_UNUSED_VARIABLE = YES;
				IPHONEOS_DEPLOYMENT_TARGET = 11.2;
				MTL_ENABLE_DEBUG_INFO = NO;
				SDKROOT = iphoneos;
				SWIFT_OPTIMIZATION_LEVEL = "-Owholemodule";
				VALIDATE_PRODUCT = YES;
			};
			name = Release;
		};
		FED957AE224D00D500C4C8AB /* Debug */ = {
			isa = XCBuildConfiguration;
			buildSettings = {
				ASSETCATALOG_COMPILER_APPICON_NAME = AppIcon;
				CODE_SIGN_STYLE = Automatic;
				DEVELOPMENT_TEAM = CN2A7C6H47;
				INFOPLIST_FILE = Tweets/Info.plist;
				LD_RUNPATH_SEARCH_PATHS = "$(inherited) @executable_path/Frameworks";
				PRODUCT_BUNDLE_IDENTIFIER = salibert.Tweets;
				PRODUCT_NAME = "$(TARGET_NAME)";
				SWIFT_VERSION = 4.0;
				TARGETED_DEVICE_FAMILY = "1,2";
			};
			name = Debug;
		};
		FED957AF224D00D500C4C8AB /* Release */ = {
			isa = XCBuildConfiguration;
			buildSettings = {
				ASSETCATALOG_COMPILER_APPICON_NAME = AppIcon;
				CODE_SIGN_STYLE = Automatic;
				DEVELOPMENT_TEAM = CN2A7C6H47;
				INFOPLIST_FILE = Tweets/Info.plist;
				LD_RUNPATH_SEARCH_PATHS = "$(inherited) @executable_path/Frameworks";
				PRODUCT_BUNDLE_IDENTIFIER = salibert.Tweets;
				PRODUCT_NAME = "$(TARGET_NAME)";
				SWIFT_VERSION = 4.0;
				TARGETED_DEVICE_FAMILY = "1,2";
			};
			name = Release;
		};
/* End XCBuildConfiguration section */

/* Begin XCConfigurationList section */
		FED95796224D00D500C4C8AB /* Build configuration list for PBXProject "Tweets" */ = {
			isa = XCConfigurationList;
			buildConfigurations = (
				FED957AB224D00D500C4C8AB /* Debug */,
				FED957AC224D00D500C4C8AB /* Release */,
			);
			defaultConfigurationIsVisible = 0;
			defaultConfigurationName = Release;
		};
		FED957AD224D00D500C4C8AB /* Build configuration list for PBXNativeTarget "Tweets" */ = {
			isa = XCConfigurationList;
			buildConfigurations = (
				FED957AE224D00D500C4C8AB /* Debug */,
				FED957AF224D00D500C4C8AB /* Release */,
			);
			defaultConfigurationIsVisible = 0;
			defaultConfigurationName = Release;
		};
/* End XCConfigurationList section */
	};
	rootObject = FED95793224D00D500C4C8AB /* Project object */;
}
